
Microsoft Visual Studio Solution File, Format Version 12.00
# Visual Studio Version 17
VisualStudioVersion = 17.4.33213.308
MinimumVisualStudioVersion = 10.0.40219.1
Project("{FAE04EC0-301F-11D3-BF4B-00C04F79EFBC}") = "AirAutoClicker", "AirAutoClicker.csproj", "{235865A8-865B-4A2B-9276-1F2A7D0945A2}"
EndProject
Global
	GlobalSection(SolutionConfigurationPlatforms) = preSolution
		Debug|Any CPU = Debug|Any CPU
		Release|Any CPU = Release|Any CPU
	EndGlobalSection
	GlobalSection(ProjectConfigurationPlatforms) = postSolution
		{235865A8-865B-4A2B-9276-1F2A7D0945A2}.Debug|Any CPU.ActiveCfg = Debug|Any CPU
		{235865A8-865B-4A2B-9276-1F2A7D0945A2}.Debug|Any CPU.Build.0 = Debug|Any CPU
		{235865A8-865B-4A2B-9276-1F2A7D0945A2}.Release|Any CPU.ActiveCfg = Release|Any CPU
		{235865A8-865B-4A2B-9276-1F2A7D0945A2}.Release|Any CPU.Build.0 = Release|Any CPU
	EndGlobalSection
	GlobalSection(SolutionProperties) = preSolution
		HideSolutionNode = FALSE
	EndGlobalSection
	GlobalSection(ExtensibilityGlobals) = postSolution
		SolutionGuid = {9B4F02BE-1182-4C06-83D4-D111F1CB9864}
	EndGlobalSection
EndGlobal
